
Microsoft Visual Studio Solution File, Format Version 12.00
# Visual Studio 15
VisualStudioVersion = 15.0.28307.852
MinimumVisualStudioVersion = 10.0.40219.1
Project("{FAE04EC0-301F-11D3-BF4B-00C04F79EFBC}") = "Mantoã Arquitetura", "Mantoã Arquitetura\Mantoã Arquitetura.csproj", "{A5FBD0E0-F004-4EE6-B7FF-FB9D3C28892A}"
EndProject
Global
	GlobalSection(SolutionConfigurationPlatforms) = preSolution
		Debug|Any CPU = Debug|Any CPU
		Release|Any CPU = Release|Any CPU
	EndGlobalSection
	GlobalSection(ProjectConfigurationPlatforms) = postSolution
		{A5FBD0E0-F004-4EE6-B7FF-FB9D3C28892A}.Debug|Any CPU.ActiveCfg = Debug|Any CPU
		{A5FBD0E0-F004-4EE6-B7FF-FB9D3C28892A}.Debug|Any CPU.Build.0 = Debug|Any CPU
		{A5FBD0E0-F004-4EE6-B7FF-FB9D3C28892A}.Release|Any CPU.ActiveCfg = Release|Any CPU
		{A5FBD0E0-F004-4EE6-B7FF-FB9D3C28892A}.Release|Any CPU.Build.0 = Release|Any CPU
	EndGlobalSection
	GlobalSection(SolutionProperties) = preSolution
		HideSolutionNode = FALSE
	EndGlobalSection
	GlobalSection(ExtensibilityGlobals) = postSolution
		SolutionGuid = {DC100D63-E8D0-4C7F-85AA-B567618357B8}
	EndGlobalSection
EndGlobal
